// !$*UTF8*$!
{
	archiveVersion = 1;
	classes = {
	};
	objectVersion = 51;
	objects = {

/* Begin PBXBuildFile section */
		A15EFD2632EA2BCA7551C225 /* Pods_Instagram.framework in Frameworks */ = {isa = PBXBuildFile; fileRef = 45D39072F81F9A54B3CEDB47 /* Pods_Instagram.framework */; };
		CE448A9026AD44790037ACA7 /* Const.swift in Sources */ = {isa = PBXBuildFile; fileRef = CE448A8F26AD44790037ACA7 /* Const.swift */; };
		CE448A9326AD68580037ACA7 /* PostData.swift in Sources */ = {isa = PBXBuildFile; fileRef = CE448A9226AD68580037ACA7 /* PostData.swift */; };
		CE448A9726AD69160037ACA7 /* PostTableViewCell.swift in Sources */ = {isa = PBXBuildFile; fileRef = CE448A9526AD69160037ACA7 /* PostTableViewCell.swift */; };
		CE448A9826AD69160037ACA7 /* PostTableViewCell.xib in Resources */ = {isa = PBXBuildFile; fileRef = CE448A9626AD69160037ACA7 /* PostTableViewCell.xib */; };
		CE448A9B26ADA74D0037ACA7 /* CommentViewController.swift in Sources */ = {isa = PBXBuildFile; fileRef = CE448A9A26ADA74D0037ACA7 /* CommentViewController.swift */; };
		CE480F3026ABD9B000C3300E /* AppDelegate.swift in Sources */ = {isa = PBXBuildFile; fileRef = CE480F2F26ABD9B000C3300E /* AppDelegate.swift */; };
		CE480F3226ABD9B000C3300E /* SceneDelegate.swift in Sources */ = {isa = PBXBuildFile; fileRef = CE480F3126ABD9B000C3300E /* SceneDelegate.swift */; };
		CE480F3726ABD9B000C3300E /* Main.storyboard in Resources */ = {isa = PBXBuildFile; fileRef = CE480F3526ABD9B000C3300E /* Main.storyboard */; };
		CE480F3926ABD9B100C3300E /* Assets.xcassets in Resources */ = {isa = PBXBuildFile; fileRef = CE480F3826ABD9B100C3300E /* Assets.xcassets */; };
		CE480F3C26ABD9B100C3300E /* LaunchScreen.storyboard in Resources */ = {isa = PBXBuildFile; fileRef = CE480F3A26ABD9B100C3300E /* LaunchScreen.storyboard */; };
		CE480F4626ABDA6A00C3300E /* LoginViewController.swift in Sources */ = {isa = PBXBuildFile; fileRef = CE480F4526ABDA6A00C3300E /* LoginViewController.swift */; };
		CE480F4926ABDA7E00C3300E /* HomeViewController.swift in Sources */ = {isa = PBXBuildFile; fileRef = CE480F4826ABDA7E00C3300E /* HomeViewController.swift */; };
		CE480F4C26ABDA9700C3300E /* ImageSelectViewController.swift in Sources */ = {isa = PBXBuildFile; fileRef = CE480F4B26ABDA9700C3300E /* ImageSelectViewController.swift */; };
		CE480F4F26ABDAAB00C3300E /* PostViewController.swift in Sources */ = {isa = PBXBuildFile; fileRef = CE480F4E26ABDAAB00C3300E /* PostViewController.swift */; };
		CE480F5226ABDABD00C3300E /* SettingViewController.swift in Sources */ = {isa = PBXBuildFile; fileRef = CE480F5126ABDABD00C3300E /* SettingViewController.swift */; };
		CE480F5626ABE45500C3300E /* TabBarController.swift in Sources */ = {isa = PBXBuildFile; fileRef = CE480F5526ABE45500C3300E /* TabBarController.swift */; };
		CE480F5926ABE97700C3300E /* GoogleService-Info.plist in Resources */ = {isa = PBXBuildFile; fileRef = CE480F5826ABE97700C3300E /* GoogleService-Info.plist */; };
/* End PBXBuildFile section */

/* Begin PBXFileReference section */
		1A939DCD3CEDB7844447D1C1 /* Pods-Instagram.debug.xcconfig */ = {isa = PBXFileReference; includeInIndex = 1; lastKnownFileType = text.xcconfig; name = "Pods-Instagram.debug.xcconfig"; path = "Target Support Files/Pods-Instagram/Pods-Instagram.debug.xcconfig"; sourceTree = "<group>"; };
		45D39072F81F9A54B3CEDB47 /* Pods_Instagram.framework */ = {isa = PBXFileReference; explicitFileType = wrapper.framework; includeInIndex = 0; path = Pods_Instagram.framework; sourceTree = BUILT_PRODUCTS_DIR; };
		4628BB0D2271F51F0047B80A /* Pods-Instagram.release.xcconfig */ = {isa = PBXFileReference; includeInIndex = 1; lastKnownFileType = text.xcconfig; name = "Pods-Instagram.release.xcconfig"; path = "Target Support Files/Pods-Instagram/Pods-Instagram.release.xcconfig"; sourceTree = "<group>"; };
		CE448A8F26AD44790037ACA7 /* Const.swift */ = {isa = PBXFileReference; lastKnownFileType = sourcecode.swift; path = Const.swift; sourceTree = "<group>"; };
		CE448A9226AD68580037ACA7 /* PostData.swift */ = {isa = PBXFileReference; lastKnownFileType = sourcecode.swift; path = PostData.swift; sourceTree = "<group>"; };
		CE448A9526AD69160037ACA7 /* PostTableViewCell.swift */ = {isa = PBXFileReference; lastKnownFileType = sourcecode.swift; path = PostTableViewCell.swift; sourceTree = "<group>"; };
		CE448A9626AD69160037ACA7 /* PostTableViewCell.xib */ = {isa = PBXFileReference; lastKnownFileType = file.xib; path = PostTableViewCell.xib; sourceTree = "<group>"; };
		CE448A9A26ADA74D0037ACA7 /* CommentViewController.swift */ = {isa = PBXFileReference; lastKnownFileType = sourcecode.swift; path = CommentViewController.swift; sourceTree = "<group>"; };
		CE480F2C26ABD9B000C3300E /* Instagram.app */ = {isa = PBXFileReference; explicitFileType = wrapper.application; includeInIndex = 0; path = Instagram.app; sourceTree = BUILT_PRODUCTS_DIR; };
		CE480F2F26ABD9B000C3300E /* AppDelegate.swift */ = {isa = PBXFileReference; lastKnownFileType = sourcecode.swift; path = AppDelegate.swift; sourceTree = "<group>"; };
		CE480F3126ABD9B000C3300E /* SceneDelegate.swift */ = {isa = PBXFileReference; lastKnownFileType = sourcecode.swift; path = SceneDelegate.swift; sourceTree = "<group>"; };
		CE480F3626ABD9B000C3300E /* Base */ = {isa = PBXFileReference; lastKnownFileType = file.storyboard; name = Base; path = Base.lproj/Main.storyboard; sourceTree = "<group>"; };
		CE480F3826ABD9B100C3300E /* Assets.xcassets */ = {isa = PBXFileReference; lastKnownFileType = folder.assetcatalog; path = Assets.xcassets; sourceTree = "<group>"; };
		CE480F3B26ABD9B100C3300E /* Base */ = {isa = PBXFileReference; lastKnownFileType = file.storyboard; name = Base; path = Base.lproj/LaunchScreen.storyboard; sourceTree = "<group>"; };
		CE480F3D26ABD9B100C3300E /* Info.plist */ = {isa = PBXFileReference; lastKnownFileType = text.plist.xml; path = Info.plist; sourceTree = "<group>"; };
		CE480F4526ABDA6A00C3300E /* LoginViewController.swift */ = {isa = PBXFileReference; lastKnownFileType = sourcecode.swift; path = LoginViewController.swift; sourceTree = "<group>"; };
		CE480F4826ABDA7E00C3300E /* HomeViewController.swift */ = {isa = PBXFileReference; lastKnownFileType = sourcecode.swift; path = HomeViewController.swift; sourceTree = "<group>"; };
		CE480F4B26ABDA9700C3300E /* ImageSelectViewController.swift */ = {isa = PBXFileReference; lastKnownFileType = sourcecode.swift; path = ImageSelectViewController.swift; sourceTree = "<group>"; };
		CE480F4E26ABDAAB00C3300E /* PostViewController.swift */ = {isa = PBXFileReference; lastKnownFileType = sourcecode.swift; path = PostViewController.swift; sourceTree = "<group>"; };
		CE480F5126ABDABD00C3300E /* SettingViewController.swift */ = {isa = PBXFileReference; lastKnownFileType = sourcecode.swift; path = SettingViewController.swift; sourceTree = "<group>"; };
		CE480F5526ABE45500C3300E /* TabBarController.swift */ = {isa = PBXFileReference; lastKnownFileType = sourcecode.swift; path = TabBarController.swift; sourceTree = "<group>"; };
		CE480F5826ABE97700C3300E /* GoogleService-Info.plist */ = {isa = PBXFileReference; fileEncoding = 4; lastKnownFileType = text.plist.xml; path = "GoogleService-Info.plist"; sourceTree = "<group>"; };
/* End PBXFileReference section */

/* Begin PBXFrameworksBuildPhase section */
		CE480F2926ABD9B000C3300E /* Frameworks */ = {
			isa = PBXFrameworksBuildPhase;
			buildActionMask = 2147483647;
			files = (
				A15EFD2632EA2BCA7551C225 /* Pods_Instagram.framework in Frameworks */,
			);
			runOnlyForDeploymentPostprocessing = 0;
		};
/* End PBXFrameworksBuildPhase section */

/* Begin PBXGroup section */
		42CF35E7BB5F50998EE6F0FB /* Pods */ = {
			isa = PBXGroup;
			children = (
				1A939DCD3CEDB7844447D1C1 /* Pods-Instagram.debug.xcconfig */,
				4628BB0D2271F51F0047B80A /* Pods-Instagram.release.xcconfig */,
			);
			path = Pods;
			sourceTree = "<group>";
		};
		826CDD679818F80E6187D62E /* Frameworks */ = {
			isa = PBXGroup;
			children = (
				45D39072F81F9A54B3CEDB47 /* Pods_Instagram.framework */,
			);
			name = Frameworks;
			sourceTree = "<group>";
		};
		CE480F2326ABD9AF00C3300E = {
			isa = PBXGroup;
			children = (
				CE480F2E26ABD9B000C3300E /* Instagram */,
				CE480F2D26ABD9B000C3300E /* Products */,
				42CF35E7BB5F50998EE6F0FB /* Pods */,
				826CDD679818F80E6187D62E /* Frameworks */,
			);
			sourceTree = "<group>";
		};
		CE480F2D26ABD9B000C3300E /* Products */ = {
			isa = PBXGroup;
			children = (
				CE480F2C26ABD9B000C3300E /* Instagram.app */,
			);
			name = Products;
			sourceTree = "<group>";
		};
		CE480F2E26ABD9B000C3300E /* Instagram */ = {
			isa = PBXGroup;
			children = (
				CE480F2F26ABD9B000C3300E /* AppDelegate.swift */,
				CE480F3126ABD9B000C3300E /* SceneDelegate.swift */,
				CE480F4526ABDA6A00C3300E /* LoginViewController.swift */,
				CE480F5526ABE45500C3300E /* TabBarController.swift */,
				CE480F5126ABDABD00C3300E /* SettingViewController.swift */,
				CE448A8F26AD44790037ACA7 /* Const.swift */,
				CE448A9A26ADA74D0037ACA7 /* CommentViewController.swift */,
				CE448A9526AD69160037ACA7 /* PostTableViewCell.swift */,
				CE448A9626AD69160037ACA7 /* PostTableViewCell.xib */,
				CE448A9226AD68580037ACA7 /* PostData.swift */,
				CE480F4E26ABDAAB00C3300E /* PostViewController.swift */,
				CE480F4B26ABDA9700C3300E /* ImageSelectViewController.swift */,
				CE480F4826ABDA7E00C3300E /* HomeViewController.swift */,
				CE480F3526ABD9B000C3300E /* Main.storyboard */,
				CE480F3826ABD9B100C3300E /* Assets.xcassets */,
				CE480F5826ABE97700C3300E /* GoogleService-Info.plist */,
				CE480F3A26ABD9B100C3300E /* LaunchScreen.storyboard */,
				CE480F3D26ABD9B100C3300E /* Info.plist */,
			);
			path = Instagram;
			sourceTree = "<group>";
		};
/* End PBXGroup section */

/* Begin PBXNativeTarget section */
		CE480F2B26ABD9B000C3300E /* Instagram */ = {
			isa = PBXNativeTarget;
			buildConfigurationList = CE480F4026ABD9B100C3300E /* Build configuration list for PBXNativeTarget "Instagram" */;
			buildPhases = (
				58E7B7DC6723EA4C7EBF677B /* [CP] Check Pods Manifest.lock */,
				CE480F2826ABD9B000C3300E /* Sources */,
				CE480F2926ABD9B000C3300E /* Frameworks */,
				CE480F2A26ABD9B000C3300E /* Resources */,
				CC0940CD9A1390C69177FB45 /* [CP] Embed Pods Frameworks */,
			);
			buildRules = (
			);
			dependencies = (
			);
			name = Instagram;
			productName = Instagram;
			productReference = CE480F2C26ABD9B000C3300E /* Instagram.app */;
			productType = "com.apple.product-type.application";
		};
/* End PBXNativeTarget section */

/* Begin PBXProject section */
		CE480F2426ABD9AF00C3300E /* Project object */ = {
			isa = PBXProject;
			attributes = {
				LastSwiftUpdateCheck = 1220;
				LastUpgradeCheck = 1220;
				TargetAttributes = {
					CE480F2B26ABD9B000C3300E = {
						CreatedOnToolsVersion = 12.2;
					};
				};
			};
			buildConfigurationList = CE480F2726ABD9AF00C3300E /* Build configuration list for PBXProject "Instagram" */;
			compatibilityVersion = "Xcode 9.3";
			developmentRegion = en;
			hasScannedForEncodings = 0;
			knownRegions = (
				en,
				Base,
			);
			mainGroup = CE480F2326ABD9AF00C3300E;
			productRefGroup = CE480F2D26ABD9B000C3300E /* Products */;
			projectDirPath = "";
			projectRoot = "";
			targets = (
				CE480F2B26ABD9B000C3300E /* Instagram */,
			);
		};
/* End PBXProject section */

/* Begin PBXResourcesBuildPhase section */
		CE480F2A26ABD9B000C3300E /* Resources */ = {
			isa = PBXResourcesBuildPhase;
			buildActionMask = 2147483647;
			files = (
				CE480F3C26ABD9B100C3300E /* LaunchScreen.storyboard in Resources */,
				CE448A9826AD69160037ACA7 /* PostTableViewCell.xib in Resources */,
				CE480F5926ABE97700C3300E /* GoogleService-Info.plist in Resources */,
				CE480F3926ABD9B100C3300E /* Assets.xcassets in Resources */,
				CE480F3726ABD9B000C3300E /* Main.storyboard in Resources */,
			);
			runOnlyForDeploymentPostprocessing = 0;
		};
/* End PBXResourcesBuildPhase section */

/* Begin PBXShellScriptBuildPhase section */
		58E7B7DC6723EA4C7EBF677B /* [CP] Check Pods Manifest.lock */ = {
			isa = PBXShellScriptBuildPhase;
			buildActionMask = 2147483647;
			files = (
			);
			inputFileListPaths = (
			);
			inputPaths = (
				"${PODS_PODFILE_DIR_PATH}/Podfile.lock",
				"${PODS_ROOT}/Manifest.lock",
			);
			name = "[CP] Check Pods Manifest.lock";
			outputFileListPaths = (
			);
			outputPaths = (
				"$(DERIVED_FILE_DIR)/Pods-Instagram-checkManifestLockResult.txt",
			);
			runOnlyForDeploymentPostprocessing = 0;
			shellPath = /bin/sh;
			shellScript = "diff \"${PODS_PODFILE_DIR_PATH}/Podfile.lock\" \"${PODS_ROOT}/Manifest.lock\" > /dev/null\nif [ $? != 0 ] ; then\n    # print error to STDERR\n    echo \"error: The sandbox is not in sync with the Podfile.lock. Run 'pod install' or update your CocoaPods installation.\" >&2\n    exit 1\nfi\n# This output is used by Xcode 'outputs' to avoid re-running this script phase.\necho \"SUCCESS\" > \"${SCRIPT_OUTPUT_FILE_0}\"\n";
			showEnvVarsInLog = 0;
		};
		CC0940CD9A1390C69177FB45 /* [CP] Embed Pods Frameworks */ = {
			isa = PBXShellScriptBuildPhase;
			buildActionMask = 2147483647;
			files = (
			);
			inputFileListPaths = (
				"${PODS_ROOT}/Target Support Files/Pods-Instagram/Pods-Instagram-frameworks-${CONFIGURATION}-input-files.xcfilelist",
			);
			name = "[CP] Embed Pods Frameworks";
			outputFileListPaths = (
				"${PODS_ROOT}/Target Support Files/Pods-Instagram/Pods-Instagram-frameworks-${CONFIGURATION}-output-files.xcfilelist",
			);
			runOnlyForDeploymentPostprocessing = 0;
			shellPath = /bin/sh;
			shellScript = "\"${PODS_ROOT}/Target Support Files/Pods-Instagram/Pods-Instagram-frameworks.sh\"\n";
			showEnvVarsInLog = 0;
		};
/* End PBXShellScriptBuildPhase section */

/* Begin PBXSourcesBuildPhase section */
		CE480F2826ABD9B000C3300E /* Sources */ = {
			isa = PBXSourcesBuildPhase;
			buildActionMask = 2147483647;
			files = (
				CE448A9726AD69160037ACA7 /* PostTableViewCell.swift in Sources */,
				CE480F4C26ABDA9700C3300E /* ImageSelectViewController.swift in Sources */,
				CE480F5626ABE45500C3300E /* TabBarController.swift in Sources */,
				CE480F4926ABDA7E00C3300E /* HomeViewController.swift in Sources */,
				CE480F4F26ABDAAB00C3300E /* PostViewController.swift in Sources */,
				CE480F5226ABDABD00C3300E /* SettingViewController.swift in Sources */,
				CE448A9326AD68580037ACA7 /* PostData.swift in Sources */,
				CE480F4626ABDA6A00C3300E /* LoginViewController.swift in Sources */,
				CE448A9B26ADA74D0037ACA7 /* CommentViewController.swift in Sources */,
				CE480F3026ABD9B000C3300E /* AppDelegate.swift in Sources */,
				CE480F3226ABD9B000C3300E /* SceneDelegate.swift in Sources */,
				CE448A9026AD44790037ACA7 /* Const.swift in Sources */,
			);
			runOnlyForDeploymentPostprocessing = 0;
		};
/* End PBXSourcesBuildPhase section */

/* Begin PBXVariantGroup section */
		CE480F3526ABD9B000C3300E /* Main.storyboard */ = {
			isa = PBXVariantGroup;
			children = (
				CE480F3626ABD9B000C3300E /* Base */,
			);
			name = Main.storyboard;
			sourceTree = "<group>";
		};
		CE480F3A26ABD9B100C3300E /* LaunchScreen.storyboard */ = {
			isa = PBXVariantGroup;
			children = (
				CE480F3B26ABD9B100C3300E /* Base */,
			);
			name = LaunchScreen.storyboard;
			sourceTree = "<group>";
		};
/* End PBXVariantGroup section */

/* Begin XCBuildConfiguration section */
		CE480F3E26ABD9B100C3300E /* Debug */ = {
			isa = XCBuildConfiguration;
			buildSettings = {
				ALWAYS_SEARCH_USER_PATHS = NO;
				CLANG_ANALYZER_NONNULL = YES;
				CLANG_ANALYZER_NUMBER_OBJECT_CONVERSION = YES_AGGRESSIVE;
				CLANG_CXX_LANGUAGE_STANDARD = "gnu++14";
				CLANG_CXX_LIBRARY = "libc++";
				CLANG_ENABLE_MODULES = YES;
				CLANG_ENABLE_OBJC_ARC = YES;
				CLANG_ENABLE_OBJC_WEAK = YES;
				CLANG_WARN_BLOCK_CAPTURE_AUTORELEASING = YES;
				CLANG_WARN_BOOL_CONVERSION = YES;
				CLANG_WARN_COMMA = YES;
				CLANG_WARN_CONSTANT_CONVERSION = YES;
				CLANG_WARN_DEPRECATED_OBJC_IMPLEMENTATIONS = YES;
				CLANG_WARN_DIRECT_OBJC_ISA_USAGE = YES_ERROR;
				CLANG_WARN_DOCUMENTATION_COMMENTS = YES;
				CLANG_WARN_EMPTY_BODY = YES;
				CLANG_WARN_ENUM_CONVERSION = YES;
				CLANG_WARN_INFINITE_RECURSION = YES;
				CLANG_WARN_INT_CONVERSION = YES;
				CLANG_WARN_NON_LITERAL_NULL_CONVERSION = YES;
				CLANG_WARN_OBJC_IMPLICIT_RETAIN_SELF = YES;
				CLANG_WARN_OBJC_LITERAL_CONVERSION = YES;
				CLANG_WARN_OBJC_ROOT_CLASS = YES_ERROR;
				CLANG_WARN_QUOTED_INCLUDE_IN_FRAMEWORK_HEADER = YES;
				CLANG_WARN_RANGE_LOOP_ANALYSIS = YES;
				CLANG_WARN_STRICT_PROTOTYPES = YES;
				CLANG_WARN_SUSPICIOUS_MOVE = YES;
				CLANG_WARN_UNGUARDED_AVAILABILITY = YES_AGGRESSIVE;
				CLANG_WARN_UNREACHABLE_CODE = YES;
				CLANG_WARN__DUPLICATE_METHOD_MATCH = YES;
				COPY_PHASE_STRIP = NO;
				DEBUG_INFORMATION_FORMAT = dwarf;
				ENABLE_STRICT_OBJC_MSGSEND = YES;
				ENABLE_TESTABILITY = YES;
				GCC_C_LANGUAGE_STANDARD = gnu11;
				GCC_DYNAMIC_NO_PIC = NO;
				GCC_NO_COMMON_BLOCKS = YES;
				GCC_OPTIMIZATION_LEVEL = 0;
				GCC_PREPROCESSOR_DEFINITIONS = (
					"DEBUG=1",
					"$(inherited)",
				);
				GCC_WARN_64_TO_32_BIT_CONVERSION = YES;
				GCC_WARN_ABOUT_RETURN_TYPE = YES_ERROR;
				GCC_WARN_UNDECLARED_SELECTOR = YES;
				GCC_WARN_UNINITIALIZED_AUTOS = YES_AGGRESSIVE;
				GCC_WARN_UNUSED_FUNCTION = YES;
				GCC_WARN_UNUSED_VARIABLE = YES;
				IPHONEOS_DEPLOYMENT_TARGET = 14.2;
				MTL_ENABLE_DEBUG_INFO = INCLUDE_SOURCE;
				MTL_FAST_MATH = YES;
				ONLY_ACTIVE_ARCH = YES;
				SDKROOT = iphoneos;
				SWIFT_ACTIVE_COMPILATION_CONDITIONS = DEBUG;
				SWIFT_OPTIMIZATION_LEVEL = "-Onone";
			};
			name = Debug;
		};
		CE480F3F26ABD9B100C3300E /* Release */ = {
			isa = XCBuildConfiguration;
			buildSettings = {
				ALWAYS_SEARCH_USER_PATHS = NO;
				CLANG_ANALYZER_NONNULL = YES;
				CLANG_ANALYZER_NUMBER_OBJECT_CONVERSION = YES_AGGRESSIVE;
				CLANG_CXX_LANGUAGE_STANDARD = "gnu++14";
				CLANG_CXX_LIBRARY = "libc++";
				CLANG_ENABLE_MODULES = YES;
				CLANG_ENABLE_OBJC_ARC = YES;
				CLANG_ENABLE_OBJC_WEAK = YES;
				CLANG_WARN_BLOCK_CAPTURE_AUTORELEASING = YES;
				CLANG_WARN_BOOL_CONVERSION = YES;
				CLANG_WARN_COMMA = YES;
				CLANG_WARN_CONSTANT_CONVERSION = YES;
				CLANG_WARN_DEPRECATED_OBJC_IMPLEMENTATIONS = YES;
				CLANG_WARN_DIRECT_OBJC_ISA_USAGE = YES_ERROR;
				CLANG_WARN_DOCUMENTATION_COMMENTS = YES;
				CLANG_WARN_EMPTY_BODY = YES;
				CLANG_WARN_ENUM_CONVERSION = YES;
				CLANG_WARN_INFINITE_RECURSION = YES;
				CLANG_WARN_INT_CONVERSION = YES;
				CLANG_WARN_NON_LITERAL_NULL_CONVERSION = YES;
				CLANG_WARN_OBJC_IMPLICIT_RETAIN_SELF = YES;
				CLANG_WARN_OBJC_LITERAL_CONVERSION = YES;
				CLANG_WARN_OBJC_ROOT_CLASS = YES_ERROR;
				CLANG_WARN_QUOTED_INCLUDE_IN_FRAMEWORK_HEADER = YES;
				CLANG_WARN_RANGE_LOOP_ANALYSIS = YES;
				CLANG_WARN_STRICT_PROTOTYPES = YES;
				CLANG_WARN_SUSPICIOUS_MOVE = YES;
				CLANG_WARN_UNGUARDED_AVAILABILITY = YES_AGGRESSIVE;
				CLANG_WARN_UNREACHABLE_CODE = YES;
				CLANG_WARN__DUPLICATE_METHOD_MATCH = YES;
				COPY_PHASE_STRIP = NO;
				DEBUG_INFORMATION_FORMAT = "dwarf-with-dsym";
				ENABLE_NS_ASSERTIONS = NO;
				ENABLE_STRICT_OBJC_MSGSEND = YES;
				GCC_C_LANGUAGE_STANDARD = gnu11;
				GCC_NO_COMMON_BLOCKS = YES;
				GCC_WARN_64_TO_32_BIT_CONVERSION = YES;
				GCC_WARN_ABOUT_RETURN_TYPE = YES_ERROR;
				GCC_WARN_UNDECLARED_SELECTOR = YES;
				GCC_WARN_UNINITIALIZED_AUTOS = YES_AGGRESSIVE;
				GCC_WARN_UNUSED_FUNCTION = YES;
				GCC_WARN_UNUSED_VARIABLE = YES;
				IPHONEOS_DEPLOYMENT_TARGET = 14.2;
				MTL_ENABLE_DEBUG_INFO = NO;
				MTL_FAST_MATH = YES;
				SDKROOT = iphoneos;
				SWIFT_COMPILATION_MODE = wholemodule;
				SWIFT_OPTIMIZATION_LEVEL = "-O";
				VALIDATE_PRODUCT = YES;
			};
			name = Release;
		};
		CE480F4126ABD9B100C3300E /* Debug */ = {
			isa = XCBuildConfiguration;
			baseConfigurationReference = 1A939DCD3CEDB7844447D1C1 /* Pods-Instagram.debug.xcconfig */;
			buildSettings = {
				ASSETCATALOG_COMPILER_APPICON_NAME = AppIcon;
				ASSETCATALOG_COMPILER_GLOBAL_ACCENT_COLOR_NAME = AccentColor;
				CODE_SIGN_STYLE = Automatic;
				DEVELOPMENT_TEAM = 39FY8K2AR5;
				INFOPLIST_FILE = Instagram/Info.plist;
				LD_RUNPATH_SEARCH_PATHS = (
					"$(inherited)",
					"@executable_path/Frameworks",
				);
				PRODUCT_BUNDLE_IDENTIFIER = jp.techacademy.Takeru.Hashimoto.Instagram;
				PRODUCT_NAME = "$(TARGET_NAME)";
				SWIFT_VERSION = 5.0;
				TARGETED_DEVICE_FAMILY = 1;
			};
			name = Debug;
		};
		CE480F4226ABD9B100C3300E /* Release */ = {
			isa = XCBuildConfiguration;
			baseConfigurationReference = 4628BB0D2271F51F0047B80A /* Pods-Instagram.release.xcconfig */;
			buildSettings = {
				ASSETCATALOG_COMPILER_APPICON_NAME = AppIcon;
				ASSETCATALOG_COMPILER_GLOBAL_ACCENT_COLOR_NAME = AccentColor;
				CODE_SIGN_STYLE = Automatic;
				DEVELOPMENT_TEAM = 39FY8K2AR5;
				INFOPLIST_FILE = Instagram/Info.plist;
				LD_RUNPATH_SEARCH_PATHS = (
					"$(inherited)",
					"@executable_path/Frameworks",
				);
				PRODUCT_BUNDLE_IDENTIFIER = jp.techacademy.Takeru.Hashimoto.Instagram;
				PRODUCT_NAME = "$(TARGET_NAME)";
				SWIFT_VERSION = 5.0;
				TARGETED_DEVICE_FAMILY = 1;
			};
			name = Release;
		};
/* End XCBuildConfiguration section */

/* Begin XCConfigurationList section */
		CE480F2726ABD9AF00C3300E /* Build configuration list for PBXProject "Instagram" */ = {
			isa = XCConfigurationList;
			buildConfigurations = (
				CE480F3E26ABD9B100C3300E /* Debug */,
				CE480F3F26ABD9B100C3300E /* Release */,
			);
			defaultConfigurationIsVisible = 0;
			defaultConfigurationName = Release;
		};
		CE480F4026ABD9B100C3300E /* Build configuration list for PBXNativeTarget "Instagram" */ = {
			isa = XCConfigurationList;
			buildConfigurations = (
				CE480F4126ABD9B100C3300E /* Debug */,
				CE480F4226ABD9B100C3300E /* Release */,
			);
			defaultConfigurationIsVisible = 0;
			defaultConfigurationName = Release;
		};
/* End XCConfigurationList section */
	};
	rootObject = CE480F2426ABD9AF00C3300E /* Project object */;
}
